{
  "name": "observo",
  "version": "1.0.0",
  "lockfileVersion": 3,
  "requires": true,
  "packages": {
    "": {
      "name": "observo",
      "version": "1.0.0",
      "license": "ISC",
      "dependencies": {
        "@logdna/tail-file": "^1.1.0",
        "js-yaml": "^4.1.0",
        "kafkajs": "^2.2.4"
      },
      "bin": {
        "log-agent": "bin/cli.js"
      }
    },
    "node_modules/@logdna/tail-file": {
      "version": "1.1.0",
      "resolved": "https://registry.npmjs.org/@logdna/tail-file/-/tail-file-1.1.0.tgz",
      "integrity": "sha512-CSx8/dig1n/+9B5vwLYZ28vzrugdKbKkzce3bdRxA3Gl5CG13eXpIEogB98gU6wyAE5sa9KLqMJX05cKp1s1hw==",
      "license": "SEE LICENSE IN LICENSE"
    },
    "node_modules/argparse": {
      "version": "2.0.1",
      "resolved": "https://registry.npmjs.org/argparse/-/argparse-2.0.1.tgz",
      "integrity": "sha512-8+9WqebbFzpX9OR+Wa6O29asIogeRMzcGtAINdpMHHyAg10f05aSFVBbcEqGf/PXw1EjAZ+q2/bEBg3DvurK3Q==",
      "license": "Python-2.0"
    },
    "node_modules/js-yaml": {
      "version": "4.1.0",
      "resolved": "https://registry.npmjs.org/js-yaml/-/js-yaml-4.1.0.tgz",
      "integrity": "sha512-wpxZs9NoxZaJESJGIZTyDEaYpl0FKSA+FB9aJiyemKhMwkxQg63h4T1KJgUGHpTqPDNRcmmYLugrRjJlBtWvRA==",
      "license": "MIT",
      "dependencies": {
        "argparse": "^2.0.1"
      },
      "bin": {
        "js-yaml": "bin/js-yaml.js"
      }
    },
    "node_modules/kafkajs": {
      "version": "2.2.4",
      "resolved": "https://registry.npmjs.org/kafkajs/-/kafkajs-2.2.4.tgz",
      "integrity": "sha512-j/YeapB1vfPT2iOIUn/vxdyKEuhuY2PxMBvf5JWux6iSaukAccrMtXEY/Lb7OvavDhOWME589bpLrEdnVHjfjA==",
      "license": "MIT",
      "engines": {
        "node": ">=14.0.0"
      }
    }
  }
}
